{
  "name": "hello-express",
  "version": "0.0.1",
  "lockfileVersion": 1,
  "requires": true,
  "dependencies": {
    "bad-words": {
      "version": "3.0.3",
      "requires": {
        "badwords-list": "^1.0.0"
      }
    },
    "can": {
      "version": "6.6.1",
      "requires": {
        "can-ajax": "2.4.6",
        "can-assign": "1.3.3",
        "can-attribute-encoder": "1.1.4",
        "can-attribute-observable": "2.0.2",
        "can-bind": "1.5.1",
        "can-child-nodes": "1.2.1",
        "can-cid": "1.3.1",
        "can-component": "5.0.0",
        "can-compute": "4.1.1",
        "can-connect": "4.0.2",
        "can-connect-ndjson": "2.0.0",
        "can-connect-tag": "2.0.0",
        "can-construct": "3.5.6",
        "can-construct-super": "3.2.1",
        "can-control": "5.0.1",
        "can-data-types": "1.2.1",
        "can-debug": "2.0.7",
        "can-deep-observable": "1.0.2",
        "can-define": "2.8.0",
        "can-define-backup": "2.1.2",
        "can-define-lazy-value": "1.1.1",
        "can-define-realtime-rest-model": "2.0.0",
        "can-define-rest-model": "2.0.0",
        "can-define-stream": "1.1.1",
        "can-define-stream-kefir": "1.1.1",
        "can-deparam": "1.2.3",
        "can-diff": "1.5.0",
        "can-dom-data": "1.0.3",
        "can-dom-data-state": "1.1.2",
        "can-dom-events": "1.3.11",
        "can-dom-mutate": "2.0.8",
        "can-event-dom-enter": "2.2.1",
        "can-event-dom-radiochange": "2.2.1",
        "can-event-queue": "1.1.8",
        "can-fixture": "3.1.7",
        "can-fixture-socket": "2.0.3",
        "can-fragment": "1.3.1",
        "can-globals": "1.2.2",
        "can-kefir": "1.1.4",
        "can-key": "1.2.1",
        "can-key-tree": "1.2.2",
        "can-list": "4.2.2",
        "can-local-store": "1.0.1",
        "can-log": "1.0.2",
        "can-make-map": "1.2.2",
        "can-map": "4.3.12",
        "can-map-compat": "1.1.1",
        "can-map-define": "4.4.0",
        "can-memory-store": "1.0.3",
        "can-namespace": "1.0.0",
        "can-ndjson-stream": "1.0.2",
        "can-observable-array": "1.1.4",
        "can-observable-bindings": "1.3.3",
        "can-observable-mixin": "1.0.10",
        "can-observable-object": "1.1.4",
        "can-observation": "4.2.0",
        "can-observation-recorder": "1.3.1",
        "can-observe": "2.3.2",
        "can-param": "1.1.3",
        "can-parse-uri": "1.2.2",
        "can-query-logic": "1.2.2",
        "can-queues": "1.3.2",
        "can-realtime-rest-model": "2.0.0",
        "can-reflect": "1.18.0",
        "can-reflect-dependencies": "1.1.2",
        "can-reflect-promise": "2.2.1",
        "can-rest-model": "2.0.0",
        "can-route": "5.0.2",
        "can-route-hash": "1.0.2",
        "can-route-mock": "1.0.2",
        "can-route-pushstate": "6.0.0",
        "can-set-legacy": "1.0.1",
        "can-simple-dom": "1.7.1",
        "can-simple-map": "4.3.3",
        "can-simple-observable": "2.5.0",
        "can-stache": "5.1.1",
        "can-stache-bindings": "5.0.4",
        "can-stache-converters": "5.0.0",
        "can-stache-element": "1.2.0",
        "can-stache-key": "1.4.3",
        "can-stache-route-helpers": "2.0.0",
        "can-stream": "1.1.1",
        "can-stream-kefir": "1.2.1",
        "can-string": "1.1.0",
        "can-string-to-any": "1.2.1",
        "can-super-model": "2.0.0",
        "can-symbol": "1.6.5",
        "can-type": "1.1.5",
        "can-validate": "1.2.1",
        "can-validate-interface": "1.0.3",
        "can-validate-legacy": "2.0.1",
        "can-validate-validatejs": "1.0.1",
        "can-value": "1.1.2",
        "can-vdom": "4.4.2",
        "can-view-autorender": "6.0.0",
        "can-view-callbacks": "5.0.0",
        "can-view-live": "5.0.4",
        "can-view-model": "4.0.3",
        "can-view-parser": "4.1.3",
        "can-view-scope": "4.13.6",
        "can-view-target": "5.0.0",
        "steal-stache": "5.0.0"
      }
    },
    "canvas": {
      "version": "2.6.1",
      "requires": {
        "nan": "^2.14.0",
        "node-pre-gyp": "^0.11.0",
        "simple-get": "^3.0.3"
      }
    },
    "chalk": {
      "version": "4.1.0",
      "requires": {
        "ansi-styles": "^4.1.0",
        "supports-color": "^7.1.0"
      }
    },
    "db": {
      "version": "3.3.0",
      "requires": {
        "aws-sdk": "^2.630.0",
        "ds": "^1.4.2",
        "freekey": "^1.1.0",
        "mysql": "^2.18.1",
        "redis": "^3.0.2",
        "runq": "^1.1.2",
        "sleepless": "^2.7.2"
      }
    },
    "discord-bots-api": {
      "version": "0.0.2",
      "requires": {
        "request": "^2.76.0",
        "request-promise-any": "^1.0.3"
      }
    },
    "discord.js": {
      "version": "12.4.1",
      "requires": {
        "@discordjs/collection": "^0.1.6",
        "@discordjs/form-data": "^3.0.1",
        "abort-controller": "^3.0.0",
        "node-fetch": "^2.6.1",
        "prism-media": "^1.2.2",
        "setimmediate": "^1.0.5",
        "tweetnacl": "^1.0.3",
        "ws": "^7.3.1"
      }
    },
    "express": {
      "version": "4.17.1",
      "requires": {
        "accepts": "~1.3.7",
        "array-flatten": "1.1.1",
        "body-parser": "1.19.0",
        "content-disposition": "0.5.3",
        "content-type": "~1.0.4",
        "cookie": "0.4.0",
        "cookie-signature": "1.0.6",
        "debug": "2.6.9",
        "depd": "~1.1.2",
        "encodeurl": "~1.0.2",
        "escape-html": "~1.0.3",
        "etag": "~1.8.1",
        "finalhandler": "~1.1.2",
        "fresh": "0.5.2",
        "merge-descriptors": "1.0.1",
        "methods": "~1.1.2",
        "on-finished": "~2.3.0",
        "parseurl": "~1.3.3",
        "path-to-regexp": "0.1.7",
        "proxy-addr": "~2.0.5",
        "qs": "6.7.0",
        "range-parser": "~1.2.1",
        "safe-buffer": "5.1.2",
        "send": "0.17.1",
        "serve-static": "1.14.1",
        "setprototypeof": "1.1.1",
        "statuses": "~1.5.0",
        "type-is": "~1.6.18",
        "utils-merge": "1.0.1",
        "vary": "~1.1.2"
      }
    },
    "fs": {
      "version": "0.0.2"
    },
    "google": {
      "version": "2.1.0",
      "requires": {
        "cheerio": "^0.19.0",
        "request": "^2.54.0"
      }
    },
    "instagram-user": {
      "version": "2.0.1",
      "requires": {
        "get-emails": "^3.0.0",
        "got": "^10.0.0-alpha.1.1"
      }
    },
    "jimp": {
      "version": "0.16.1",
      "requires": {
        "@babel/runtime": "^7.7.2",
        "@jimp/custom": "^0.16.1",
        "@jimp/plugins": "^0.16.1",
        "@jimp/types": "^0.16.1",
        "regenerator-runtime": "^0.13.3"
      }
    },
    "level-session-store": {
      "version": "2.2.0",
      "requires": {
        "json-stringify-safe": "^5.0.1"
      }
    },
    "moment": {
      "version": "2.29.1"
    },
    "moment-duration-format": {
      "version": "2.3.2"
    },
    "os": {
      "version": "0.1.1"
    },
    "parse-ms": {
      "version": "2.1.0"
    },
    "passport": {
      "version": "0.4.1",
      "requires": {
        "passport-strategy": "1.x.x",
        "pause": "0.0.1"
      }
    },
    "passport-oauth2": {
      "version": "1.5.0",
      "requires": {
        "base64url": "3.x.x",
        "oauth": "0.9.x",
        "passport-strategy": "1.x.x",
        "uid2": "0.0.x",
        "utils-merge": "1.x.x"
      }
    },
    "quick.db": {
      "version": "7.1.3",
      "requires": {
        "better-sqlite3": "^7.1.1",
        "lodash": "^4.17.20"
      }
    },
    "simple-youtube-api": {
      "version": "5.2.1",
      "requires": {
        "iso8601-duration": "^1.2.0",
        "node-fetch": "^2.6.0"
      }
    },
    "weather-js": {
      "version": "2.0.0",
      "requires": {
        "request": "2.x.x",
        "xml2js": "0.4.x"
      }
    },
    "wio.db": {
      "version": "4.0.9",
      "requires": {
        "@types/ws": "^7.2.6",
        "fs": "0.0.1-security"
      }
    },
    "ytdl-core": {
      "version": "4.0.3",
      "requires": {
        "html-entities": "^1.3.1",
        "m3u8stream": "^0.8.0",
        "miniget": "^2.1.0",
        "sax": "^1.1.3"
      }
    }
  }
}
